
Microsoft Visual Studio Solution File, Format Version 12.00
# Visual Studio Version 17
VisualStudioVersion = 17.2.32630.192
MinimumVisualStudioVersion = 10.0.40219.1
Project("{9A19103F-16F7-4668-BE54-9A1E7A4F7556}") = "FetchAPI", "FetchAPI\FetchAPI.csproj", "{A74D57CB-93BE-4F37-85BF-CC0D9BA8E131}"
EndProject
Project("{FAE04EC0-301F-11D3-BF4B-00C04F79EFBC}") = "FetchLibrary", "FetchLibrary\FetchLibrary.csproj", "{893D31E0-04F1-4637-B85D-89EABB501FCD}"
EndProject
Global
	GlobalSection(SolutionConfigurationPlatforms) = preSolution
		Debug|Any CPU = Debug|Any CPU
		Release|Any CPU = Release|Any CPU
	EndGlobalSection
	GlobalSection(ProjectConfigurationPlatforms) = postSolution
		{A74D57CB-93BE-4F37-85BF-CC0D9BA8E131}.Debug|Any CPU.ActiveCfg = Debug|Any CPU
		{A74D57CB-93BE-4F37-85BF-CC0D9BA8E131}.Debug|Any CPU.Build.0 = Debug|Any CPU
		{A74D57CB-93BE-4F37-85BF-CC0D9BA8E131}.Release|Any CPU.ActiveCfg = Release|Any CPU
		{A74D57CB-93BE-4F37-85BF-CC0D9BA8E131}.Release|Any CPU.Build.0 = Release|Any CPU
		{893D31E0-04F1-4637-B85D-89EABB501FCD}.Debug|Any CPU.ActiveCfg = Debug|Any CPU
		{893D31E0-04F1-4637-B85D-89EABB501FCD}.Debug|Any CPU.Build.0 = Debug|Any CPU
		{893D31E0-04F1-4637-B85D-89EABB501FCD}.Release|Any CPU.ActiveCfg = Release|Any CPU
		{893D31E0-04F1-4637-B85D-89EABB501FCD}.Release|Any CPU.Build.0 = Release|Any CPU
	EndGlobalSection
	GlobalSection(SolutionProperties) = preSolution
		HideSolutionNode = FALSE
	EndGlobalSection
	GlobalSection(ExtensibilityGlobals) = postSolution
		SolutionGuid = {92ABDFC4-728C-4678-AA2B-C1B47DE65064}
	EndGlobalSection
EndGlobal
